// !$*UTF8*$!
{
	archiveVersion = 1;
	classes = {
	};
	objectVersion = 55;
	objects = {

/* Begin PBXBuildFile section */
		1C25208328B67BD100F0AE7D /* Recipe_listApp.swift in Sources */ = {isa = PBXBuildFile; fileRef = 1C25208228B67BD100F0AE7D /* Recipe_listApp.swift */; };
		1C25208528B67BD100F0AE7D /* ContentView.swift in Sources */ = {isa = PBXBuildFile; fileRef = 1C25208428B67BD100F0AE7D /* ContentView.swift */; };
		1C25208728B67BD400F0AE7D /* Assets.xcassets in Resources */ = {isa = PBXBuildFile; fileRef = 1C25208628B67BD400F0AE7D /* Assets.xcassets */; };
		1C25208A28B67BD400F0AE7D /* Preview Assets.xcassets in Resources */ = {isa = PBXBuildFile; fileRef = 1C25208928B67BD400F0AE7D /* Preview Assets.xcassets */; };
		1C25209628B6B42500F0AE7D /* recipes.json in Resources */ = {isa = PBXBuildFile; fileRef = 1C25209528B6B42500F0AE7D /* recipes.json */; };
		1C25209828B6B4D800F0AE7D /* Recipe.swift in Sources */ = {isa = PBXBuildFile; fileRef = 1C25209728B6B4D800F0AE7D /* Recipe.swift */; };
		1C25209A28B6B67E00F0AE7D /* RecipeModel.swift in Sources */ = {isa = PBXBuildFile; fileRef = 1C25209928B6B67D00F0AE7D /* RecipeModel.swift */; };
		1C25209C28B6B77E00F0AE7D /* DataService.swift in Sources */ = {isa = PBXBuildFile; fileRef = 1C25209B28B6B77E00F0AE7D /* DataService.swift */; };
		1C4EC0C928B7883100B553CB /* RecipeDetailView.swift in Sources */ = {isa = PBXBuildFile; fileRef = 1C4EC0C828B7883100B553CB /* RecipeDetailView.swift */; };
/* End PBXBuildFile section */

/* Begin PBXFileReference section */
		1C25207F28B67BD100F0AE7D /* Recipe_list.app */ = {isa = PBXFileReference; explicitFileType = wrapper.application; includeInIndex = 0; path = Recipe_list.app; sourceTree = BUILT_PRODUCTS_DIR; };
		1C25208228B67BD100F0AE7D /* Recipe_listApp.swift */ = {isa = PBXFileReference; lastKnownFileType = sourcecode.swift; path = Recipe_listApp.swift; sourceTree = "<group>"; };
		1C25208428B67BD100F0AE7D /* ContentView.swift */ = {isa = PBXFileReference; lastKnownFileType = sourcecode.swift; path = ContentView.swift; sourceTree = "<group>"; };
		1C25208628B67BD400F0AE7D /* Assets.xcassets */ = {isa = PBXFileReference; lastKnownFileType = folder.assetcatalog; path = Assets.xcassets; sourceTree = "<group>"; };
		1C25208928B67BD400F0AE7D /* Preview Assets.xcassets */ = {isa = PBXFileReference; lastKnownFileType = folder.assetcatalog; path = "Preview Assets.xcassets"; sourceTree = "<group>"; };
		1C25209528B6B42500F0AE7D /* recipes.json */ = {isa = PBXFileReference; fileEncoding = 4; lastKnownFileType = text.json; name = recipes.json; path = "../../../../iOS Foundation course resources/Module 2/Lesson 13/RecipeListApp Resources/recipes.json"; sourceTree = "<group>"; };
		1C25209728B6B4D800F0AE7D /* Recipe.swift */ = {isa = PBXFileReference; lastKnownFileType = sourcecode.swift; path = Recipe.swift; sourceTree = "<group>"; };
		1C25209928B6B67D00F0AE7D /* RecipeModel.swift */ = {isa = PBXFileReference; lastKnownFileType = sourcecode.swift; path = RecipeModel.swift; sourceTree = "<group>"; };
		1C25209B28B6B77E00F0AE7D /* DataService.swift */ = {isa = PBXFileReference; lastKnownFileType = sourcecode.swift; path = DataService.swift; sourceTree = "<group>"; };
		1C4EC0C828B7883100B553CB /* RecipeDetailView.swift */ = {isa = PBXFileReference; lastKnownFileType = sourcecode.swift; path = RecipeDetailView.swift; sourceTree = "<group>"; };
/* End PBXFileReference section */

/* Begin PBXFrameworksBuildPhase section */
		1C25207C28B67BD100F0AE7D /* Frameworks */ = {
			isa = PBXFrameworksBuildPhase;
			buildActionMask = 2147483647;
			files = (
			);
			runOnlyForDeploymentPostprocessing = 0;
		};
/* End PBXFrameworksBuildPhase section */

/* Begin PBXGroup section */
		1C25207628B67BD100F0AE7D = {
			isa = PBXGroup;
			children = (
				1C25208128B67BD100F0AE7D /* Recipe_list */,
				1C25208028B67BD100F0AE7D /* Products */,
			);
			sourceTree = "<group>";
		};
		1C25208028B67BD100F0AE7D /* Products */ = {
			isa = PBXGroup;
			children = (
				1C25207F28B67BD100F0AE7D /* Recipe_list.app */,
			);
			name = Products;
			sourceTree = "<group>";
		};
		1C25208128B67BD100F0AE7D /* Recipe_list */ = {
			isa = PBXGroup;
			children = (
				1C25208228B67BD100F0AE7D /* Recipe_listApp.swift */,
				1C25209128B6B39300F0AE7D /* Views */,
				1C25209228B6B39900F0AE7D /* ViewModels */,
				1C25209028B6B38D00F0AE7D /* Models */,
				1C25209428B6B3BC00F0AE7D /* Services */,
				1C25209328B6B3A100F0AE7D /* Data */,
				1C25208628B67BD400F0AE7D /* Assets.xcassets */,
				1C25208828B67BD400F0AE7D /* Preview Content */,
			);
			path = Recipe_list;
			sourceTree = "<group>";
		};
		1C25208828B67BD400F0AE7D /* Preview Content */ = {
			isa = PBXGroup;
			children = (
				1C25208928B67BD400F0AE7D /* Preview Assets.xcassets */,
			);
			path = "Preview Content";
			sourceTree = "<group>";
		};
		1C25209028B6B38D00F0AE7D /* Models */ = {
			isa = PBXGroup;
			children = (
				1C25209728B6B4D800F0AE7D /* Recipe.swift */,
			);
			path = Models;
			sourceTree = "<group>";
		};
		1C25209128B6B39300F0AE7D /* Views */ = {
			isa = PBXGroup;
			children = (
				1C25208428B67BD100F0AE7D /* ContentView.swift */,
				1C4EC0C828B7883100B553CB /* RecipeDetailView.swift */,
			);
			path = Views;
			sourceTree = "<group>";
		};
		1C25209228B6B39900F0AE7D /* ViewModels */ = {
			isa = PBXGroup;
			children = (
				1C25209928B6B67D00F0AE7D /* RecipeModel.swift */,
			);
			path = ViewModels;
			sourceTree = "<group>";
		};
		1C25209328B6B3A100F0AE7D /* Data */ = {
			isa = PBXGroup;
			children = (
				1C25209528B6B42500F0AE7D /* recipes.json */,
			);
			path = Data;
			sourceTree = "<group>";
		};
		1C25209428B6B3BC00F0AE7D /* Services */ = {
			isa = PBXGroup;
			children = (
				1C25209B28B6B77E00F0AE7D /* DataService.swift */,
			);
			path = Services;
			sourceTree = "<group>";
		};
/* End PBXGroup section */

/* Begin PBXNativeTarget section */
		1C25207E28B67BD100F0AE7D /* Recipe_list */ = {
			isa = PBXNativeTarget;
			buildConfigurationList = 1C25208D28B67BD400F0AE7D /* Build configuration list for PBXNativeTarget "Recipe_list" */;
			buildPhases = (
				1C25207B28B67BD100F0AE7D /* Sources */,
				1C25207C28B67BD100F0AE7D /* Frameworks */,
				1C25207D28B67BD100F0AE7D /* Resources */,
			);
			buildRules = (
			);
			dependencies = (
			);
			name = Recipe_list;
			productName = Recipe_list;
			productReference = 1C25207F28B67BD100F0AE7D /* Recipe_list.app */;
			productType = "com.apple.product-type.application";
		};
/* End PBXNativeTarget section */

/* Begin PBXProject section */
		1C25207728B67BD100F0AE7D /* Project object */ = {
			isa = PBXProject;
			attributes = {
				BuildIndependentTargetsInParallel = 1;
				LastSwiftUpdateCheck = 1340;
				LastUpgradeCheck = 1340;
				TargetAttributes = {
					1C25207E28B67BD100F0AE7D = {
						CreatedOnToolsVersion = 13.4.1;
					};
				};
			};
			buildConfigurationList = 1C25207A28B67BD100F0AE7D /* Build configuration list for PBXProject "Recipe_list" */;
			compatibilityVersion = "Xcode 13.0";
			developmentRegion = en;
			hasScannedForEncodings = 0;
			knownRegions = (
				en,
				Base,
			);
			mainGroup = 1C25207628B67BD100F0AE7D;
			productRefGroup = 1C25208028B67BD100F0AE7D /* Products */;
			projectDirPath = "";
			projectRoot = "";
			targets = (
				1C25207E28B67BD100F0AE7D /* Recipe_list */,
			);
		};
/* End PBXProject section */

/* Begin PBXResourcesBuildPhase section */
		1C25207D28B67BD100F0AE7D /* Resources */ = {
			isa = PBXResourcesBuildPhase;
			buildActionMask = 2147483647;
			files = (
				1C25208A28B67BD400F0AE7D /* Preview Assets.xcassets in Resources */,
				1C25209628B6B42500F0AE7D /* recipes.json in Resources */,
				1C25208728B67BD400F0AE7D /* Assets.xcassets in Resources */,
			);
			runOnlyForDeploymentPostprocessing = 0;
		};
/* End PBXResourcesBuildPhase section */

/* Begin PBXSourcesBuildPhase section */
		1C25207B28B67BD100F0AE7D /* Sources */ = {
			isa = PBXSourcesBuildPhase;
			buildActionMask = 2147483647;
			files = (
				1C25209828B6B4D800F0AE7D /* Recipe.swift in Sources */,
				1C4EC0C928B7883100B553CB /* RecipeDetailView.swift in Sources */,
				1C25209A28B6B67E00F0AE7D /* RecipeModel.swift in Sources */,
				1C25208528B67BD100F0AE7D /* ContentView.swift in Sources */,
				1C25208328B67BD100F0AE7D /* Recipe_listApp.swift in Sources */,
				1C25209C28B6B77E00F0AE7D /* DataService.swift in Sources */,
			);
			runOnlyForDeploymentPostprocessing = 0;
		};
/* End PBXSourcesBuildPhase section */

/* Begin XCBuildConfiguration section */
		1C25208B28B67BD400F0AE7D /* Debug */ = {
			isa = XCBuildConfiguration;
			buildSettings = {
				ALWAYS_SEARCH_USER_PATHS = NO;
				CLANG_ANALYZER_NONNULL = YES;
				CLANG_ANALYZER_NUMBER_OBJECT_CONVERSION = YES_AGGRESSIVE;
				CLANG_CXX_LANGUAGE_STANDARD = "gnu++17";
				CLANG_ENABLE_MODULES = YES;
				CLANG_ENABLE_OBJC_ARC = YES;
				CLANG_ENABLE_OBJC_WEAK = YES;
				CLANG_WARN_BLOCK_CAPTURE_AUTORELEASING = YES;
				CLANG_WARN_BOOL_CONVERSION = YES;
				CLANG_WARN_COMMA = YES;
				CLANG_WARN_CONSTANT_CONVERSION = YES;
				CLANG_WARN_DEPRECATED_OBJC_IMPLEMENTATIONS = YES;
				CLANG_WARN_DIRECT_OBJC_ISA_USAGE = YES_ERROR;
				CLANG_WARN_DOCUMENTATION_COMMENTS = YES;
				CLANG_WARN_EMPTY_BODY = YES;
				CLANG_WARN_ENUM_CONVERSION = YES;
				CLANG_WARN_INFINITE_RECURSION = YES;
				CLANG_WARN_INT_CONVERSION = YES;
				CLANG_WARN_NON_LITERAL_NULL_CONVERSION = YES;
				CLANG_WARN_OBJC_IMPLICIT_RETAIN_SELF = YES;
				CLANG_WARN_OBJC_LITERAL_CONVERSION = YES;
				CLANG_WARN_OBJC_ROOT_CLASS = YES_ERROR;
				CLANG_WARN_QUOTED_INCLUDE_IN_FRAMEWORK_HEADER = YES;
				CLANG_WARN_RANGE_LOOP_ANALYSIS = YES;
				CLANG_WARN_STRICT_PROTOTYPES = YES;
				CLANG_WARN_SUSPICIOUS_MOVE = YES;
				CLANG_WARN_UNGUARDED_AVAILABILITY = YES_AGGRESSIVE;
				CLANG_WARN_UNREACHABLE_CODE = YES;
				CLANG_WARN__DUPLICATE_METHOD_MATCH = YES;
				COPY_PHASE_STRIP = NO;
				DEBUG_INFORMATION_FORMAT = dwarf;
				ENABLE_STRICT_OBJC_MSGSEND = YES;
				ENABLE_TESTABILITY = YES;
				GCC_C_LANGUAGE_STANDARD = gnu11;
				GCC_DYNAMIC_NO_PIC = NO;
				GCC_NO_COMMON_BLOCKS = YES;
				GCC_OPTIMIZATION_LEVEL = 0;
				GCC_PREPROCESSOR_DEFINITIONS = (
					"DEBUG=1",
					"$(inherited)",
				);
				GCC_WARN_64_TO_32_BIT_CONVERSION = YES;
				GCC_WARN_ABOUT_RETURN_TYPE = YES_ERROR;
				GCC_WARN_UNDECLARED_SELECTOR = YES;
				GCC_WARN_UNINITIALIZED_AUTOS = YES_AGGRESSIVE;
				GCC_WARN_UNUSED_FUNCTION = YES;
				GCC_WARN_UNUSED_VARIABLE = YES;
				IPHONEOS_DEPLOYMENT_TARGET = 15.5;
				MTL_ENABLE_DEBUG_INFO = INCLUDE_SOURCE;
				MTL_FAST_MATH = YES;
				ONLY_ACTIVE_ARCH = YES;
				SDKROOT = iphoneos;
				SWIFT_ACTIVE_COMPILATION_CONDITIONS = DEBUG;
				SWIFT_OPTIMIZATION_LEVEL = "-Onone";
			};
			name = Debug;
		};
		1C25208C28B67BD400F0AE7D /* Release */ = {
			isa = XCBuildConfiguration;
			buildSettings = {
				ALWAYS_SEARCH_USER_PATHS = NO;
				CLANG_ANALYZER_NONNULL = YES;
				CLANG_ANALYZER_NUMBER_OBJECT_CONVERSION = YES_AGGRESSIVE;
				CLANG_CXX_LANGUAGE_STANDARD = "gnu++17";
				CLANG_ENABLE_MODULES = YES;
				CLANG_ENABLE_OBJC_ARC = YES;
				CLANG_ENABLE_OBJC_WEAK = YES;
				CLANG_WARN_BLOCK_CAPTURE_AUTORELEASING = YES;
				CLANG_WARN_BOOL_CONVERSION = YES;
				CLANG_WARN_COMMA = YES;
				CLANG_WARN_CONSTANT_CONVERSION = YES;
				CLANG_WARN_DEPRECATED_OBJC_IMPLEMENTATIONS = YES;
				CLANG_WARN_DIRECT_OBJC_ISA_USAGE = YES_ERROR;
				CLANG_WARN_DOCUMENTATION_COMMENTS = YES;
				CLANG_WARN_EMPTY_BODY = YES;
				CLANG_WARN_ENUM_CONVERSION = YES;
				CLANG_WARN_INFINITE_RECURSION = YES;
				CLANG_WARN_INT_CONVERSION = YES;
				CLANG_WARN_NON_LITERAL_NULL_CONVERSION = YES;
				CLANG_WARN_OBJC_IMPLICIT_RETAIN_SELF = YES;
				CLANG_WARN_OBJC_LITERAL_CONVERSION = YES;
				CLANG_WARN_OBJC_ROOT_CLASS = YES_ERROR;
				CLANG_WARN_QUOTED_INCLUDE_IN_FRAMEWORK_HEADER = YES;
				CLANG_WARN_RANGE_LOOP_ANALYSIS = YES;
				CLANG_WARN_STRICT_PROTOTYPES = YES;
				CLANG_WARN_SUSPICIOUS_MOVE = YES;
				CLANG_WARN_UNGUARDED_AVAILABILITY = YES_AGGRESSIVE;
				CLANG_WARN_UNREACHABLE_CODE = YES;
				CLANG_WARN__DUPLICATE_METHOD_MATCH = YES;
				COPY_PHASE_STRIP = NO;
				DEBUG_INFORMATION_FORMAT = "dwarf-with-dsym";
				ENABLE_NS_ASSERTIONS = NO;
				ENABLE_STRICT_OBJC_MSGSEND = YES;
				GCC_C_LANGUAGE_STANDARD = gnu11;
				GCC_NO_COMMON_BLOCKS = YES;
				GCC_WARN_64_TO_32_BIT_CONVERSION = YES;
				GCC_WARN_ABOUT_RETURN_TYPE = YES_ERROR;
				GCC_WARN_UNDECLARED_SELECTOR = YES;
				GCC_WARN_UNINITIALIZED_AUTOS = YES_AGGRESSIVE;
				GCC_WARN_UNUSED_FUNCTION = YES;
				GCC_WARN_UNUSED_VARIABLE = YES;
				IPHONEOS_DEPLOYMENT_TARGET = 15.5;
				MTL_ENABLE_DEBUG_INFO = NO;
				MTL_FAST_MATH = YES;
				SDKROOT = iphoneos;
				SWIFT_COMPILATION_MODE = wholemodule;
				SWIFT_OPTIMIZATION_LEVEL = "-O";
				VALIDATE_PRODUCT = YES;
			};
			name = Release;
		};
		1C25208E28B67BD400F0AE7D /* Debug */ = {
			isa = XCBuildConfiguration;
			buildSettings = {
				ASSETCATALOG_COMPILER_APPICON_NAME = AppIcon;
				ASSETCATALOG_COMPILER_GLOBAL_ACCENT_COLOR_NAME = AccentColor;
				CODE_SIGN_STYLE = Automatic;
				CURRENT_PROJECT_VERSION = 1;
				DEVELOPMENT_ASSET_PATHS = "\"Recipe_list/Preview Content\"";
				ENABLE_PREVIEWS = YES;
				GENERATE_INFOPLIST_FILE = YES;
				INFOPLIST_KEY_UIApplicationSceneManifest_Generation = YES;
				INFOPLIST_KEY_UIApplicationSupportsIndirectInputEvents = YES;
				INFOPLIST_KEY_UILaunchScreen_Generation = YES;
				INFOPLIST_KEY_UISupportedInterfaceOrientations_iPad = "UIInterfaceOrientationPortrait UIInterfaceOrientationPortraitUpsideDown UIInterfaceOrientationLandscapeLeft UIInterfaceOrientationLandscapeRight";
				INFOPLIST_KEY_UISupportedInterfaceOrientations_iPhone = "UIInterfaceOrientationPortrait UIInterfaceOrientationLandscapeLeft UIInterfaceOrientationLandscapeRight";
				LD_RUNPATH_SEARCH_PATHS = (
					"$(inherited)",
					"@executable_path/Frameworks",
				);
				MARKETING_VERSION = 1.0;
				PRODUCT_BUNDLE_IDENTIFIER = "letsdoit.Recipe-list";
				PRODUCT_NAME = "$(TARGET_NAME)";
				SWIFT_EMIT_LOC_STRINGS = YES;
				SWIFT_VERSION = 5.0;
				TARGETED_DEVICE_FAMILY = "1,2";
			};
			name = Debug;
		};
		1C25208F28B67BD400F0AE7D /* Release */ = {
			isa = XCBuildConfiguration;
			buildSettings = {
				ASSETCATALOG_COMPILER_APPICON_NAME = AppIcon;
				ASSETCATALOG_COMPILER_GLOBAL_ACCENT_COLOR_NAME = AccentColor;
				CODE_SIGN_STYLE = Automatic;
				CURRENT_PROJECT_VERSION = 1;
				DEVELOPMENT_ASSET_PATHS = "\"Recipe_list/Preview Content\"";
				ENABLE_PREVIEWS = YES;
				GENERATE_INFOPLIST_FILE = YES;
				INFOPLIST_KEY_UIApplicationSceneManifest_Generation = YES;
				INFOPLIST_KEY_UIApplicationSupportsIndirectInputEvents = YES;
				INFOPLIST_KEY_UILaunchScreen_Generation = YES;
				INFOPLIST_KEY_UISupportedInterfaceOrientations_iPad = "UIInterfaceOrientationPortrait UIInterfaceOrientationPortraitUpsideDown UIInterfaceOrientationLandscapeLeft UIInterfaceOrientationLandscapeRight";
				INFOPLIST_KEY_UISupportedInterfaceOrientations_iPhone = "UIInterfaceOrientationPortrait UIInterfaceOrientationLandscapeLeft UIInterfaceOrientationLandscapeRight";
				LD_RUNPATH_SEARCH_PATHS = (
					"$(inherited)",
					"@executable_path/Frameworks",
				);
				MARKETING_VERSION = 1.0;
				PRODUCT_BUNDLE_IDENTIFIER = "letsdoit.Recipe-list";
				PRODUCT_NAME = "$(TARGET_NAME)";
				SWIFT_EMIT_LOC_STRINGS = YES;
				SWIFT_VERSION = 5.0;
				TARGETED_DEVICE_FAMILY = "1,2";
			};
			name = Release;
		};
/* End XCBuildConfiguration section */

/* Begin XCConfigurationList section */
		1C25207A28B67BD100F0AE7D /* Build configuration list for PBXProject "Recipe_list" */ = {
			isa = XCConfigurationList;
			buildConfigurations = (
				1C25208B28B67BD400F0AE7D /* Debug */,
				1C25208C28B67BD400F0AE7D /* Release */,
			);
			defaultConfigurationIsVisible = 0;
			defaultConfigurationName = Release;
		};
		1C25208D28B67BD400F0AE7D /* Build configuration list for PBXNativeTarget "Recipe_list" */ = {
			isa = XCConfigurationList;
			buildConfigurations = (
				1C25208E28B67BD400F0AE7D /* Debug */,
				1C25208F28B67BD400F0AE7D /* Release */,
			);
			defaultConfigurationIsVisible = 0;
			defaultConfigurationName = Release;
		};
/* End XCConfigurationList section */
	};
	rootObject = 1C25207728B67BD100F0AE7D /* Project object */;
}
